// !$*UTF8*$!
{
	archiveVersion = 1;
	classes = {
	};
	objectVersion = 56;
	objects = {

/* Begin PBXBuildFile section */
		A10001 /* BuySellHoldApp.swift in Sources */ = {isa = PBXBuildFile; fileRef = B10001 /* BuySellHoldApp.swift */; };
		A10002 /* ContentView.swift in Sources */ = {isa = PBXBuildFile; fileRef = B10002 /* ContentView.swift */; };
		A10003 /* WatchlistItem.swift in Sources */ = {isa = PBXBuildFile; fileRef = B10003 /* WatchlistItem.swift */; };
		A10004 /* UserPreferences.swift in Sources */ = {isa = PBXBuildFile; fileRef = B10004 /* UserPreferences.swift */; };
		A10005 /* FinnhubService.swift in Sources */ = {isa = PBXBuildFile; fileRef = B10005 /* FinnhubService.swift */; };
		A10027 /* OnboardingView.swift in Sources */ = {isa = PBXBuildFile; fileRef = B10027 /* OnboardingView.swift */; };
		A10008 /* WatchlistViewModel.swift in Sources */ = {isa = PBXBuildFile; fileRef = B10008 /* WatchlistViewModel.swift */; };
		A10010 /* StockCardView.swift in Sources */ = {isa = PBXBuildFile; fileRef = B10010 /* StockCardView.swift */; };
		A10011 /* NavbarView.swift in Sources */ = {isa = PBXBuildFile; fileRef = B10011 /* NavbarView.swift */; };
		A10012 /* AddStockSheet.swift in Sources */ = {isa = PBXBuildFile; fileRef = B10012 /* AddStockSheet.swift */; };
		A10013 /* EditStockSheet.swift in Sources */ = {isa = PBXBuildFile; fileRef = B10013 /* EditStockSheet.swift */; };
		A10014 /* SettingsSheet.swift in Sources */ = {isa = PBXBuildFile; fileRef = B10014 /* SettingsSheet.swift */; };
		A10016 /* ArrowLoaderView.swift in Sources */ = {isa = PBXBuildFile; fileRef = B10016 /* ArrowLoaderView.swift */; };
		A10017 /* EmptyStateView.swift in Sources */ = {isa = PBXBuildFile; fileRef = B10017 /* EmptyStateView.swift */; };
		A10018 /* Colors.swift in Sources */ = {isa = PBXBuildFile; fileRef = B10018 /* Colors.swift */; };
		A10028 /* PrivacyInfo.xcprivacy in Resources */ = {isa = PBXBuildFile; fileRef = B10028 /* PrivacyInfo.xcprivacy */; };
		A10020 /* Assets.xcassets in Resources */ = {isa = PBXBuildFile; fileRef = B10020 /* Assets.xcassets */; };
		A10021 /* WorkSans-Regular.ttf in Resources */ = {isa = PBXBuildFile; fileRef = B10021 /* WorkSans-Regular.ttf */; };
		A10022 /* WorkSans-Medium.ttf in Resources */ = {isa = PBXBuildFile; fileRef = B10022 /* WorkSans-Medium.ttf */; };
		A10023 /* WorkSans-SemiBold.ttf in Resources */ = {isa = PBXBuildFile; fileRef = B10023 /* WorkSans-SemiBold.ttf */; };
		A10024 /* WorkSans-Bold.ttf in Resources */ = {isa = PBXBuildFile; fileRef = B10024 /* WorkSans-Bold.ttf */; };
		A10025 /* View+Platform.swift in Sources */ = {isa = PBXBuildFile; fileRef = B10026 /* View+Platform.swift */; };
		A10029 /* KeychainHelper.swift in Sources */ = {isa = PBXBuildFile; fileRef = B10029 /* KeychainHelper.swift */; };
/* End PBXBuildFile section */

/* Begin PBXFileReference section */
		B10000 /* BuySellHold.app */ = {isa = PBXFileReference; explicitFileType = wrapper.application; includeInIndex = 0; path = BuySellHold.app; sourceTree = BUILT_PRODUCTS_DIR; };
		B10001 /* BuySellHoldApp.swift */ = {isa = PBXFileReference; lastKnownFileType = sourcecode.swift; path = BuySellHoldApp.swift; sourceTree = "<group>"; };
		B10002 /* ContentView.swift */ = {isa = PBXFileReference; lastKnownFileType = sourcecode.swift; path = ContentView.swift; sourceTree = "<group>"; };
		B10003 /* WatchlistItem.swift */ = {isa = PBXFileReference; lastKnownFileType = sourcecode.swift; path = WatchlistItem.swift; sourceTree = "<group>"; };
		B10004 /* UserPreferences.swift */ = {isa = PBXFileReference; lastKnownFileType = sourcecode.swift; path = UserPreferences.swift; sourceTree = "<group>"; };
		B10005 /* FinnhubService.swift */ = {isa = PBXFileReference; lastKnownFileType = sourcecode.swift; path = FinnhubService.swift; sourceTree = "<group>"; };
		B10027 /* OnboardingView.swift */ = {isa = PBXFileReference; lastKnownFileType = sourcecode.swift; path = OnboardingView.swift; sourceTree = "<group>"; };
		B10008 /* WatchlistViewModel.swift */ = {isa = PBXFileReference; lastKnownFileType = sourcecode.swift; path = WatchlistViewModel.swift; sourceTree = "<group>"; };
		B10010 /* StockCardView.swift */ = {isa = PBXFileReference; lastKnownFileType = sourcecode.swift; path = StockCardView.swift; sourceTree = "<group>"; };
		B10011 /* NavbarView.swift */ = {isa = PBXFileReference; lastKnownFileType = sourcecode.swift; path = NavbarView.swift; sourceTree = "<group>"; };
		B10012 /* AddStockSheet.swift */ = {isa = PBXFileReference; lastKnownFileType = sourcecode.swift; path = AddStockSheet.swift; sourceTree = "<group>"; };
		B10013 /* EditStockSheet.swift */ = {isa = PBXFileReference; lastKnownFileType = sourcecode.swift; path = EditStockSheet.swift; sourceTree = "<group>"; };
		B10014 /* SettingsSheet.swift */ = {isa = PBXFileReference; lastKnownFileType = sourcecode.swift; path = SettingsSheet.swift; sourceTree = "<group>"; };
		B10016 /* ArrowLoaderView.swift */ = {isa = PBXFileReference; lastKnownFileType = sourcecode.swift; path = ArrowLoaderView.swift; sourceTree = "<group>"; };
		B10017 /* EmptyStateView.swift */ = {isa = PBXFileReference; lastKnownFileType = sourcecode.swift; path = EmptyStateView.swift; sourceTree = "<group>"; };
		B10018 /* Colors.swift */ = {isa = PBXFileReference; lastKnownFileType = sourcecode.swift; path = Colors.swift; sourceTree = "<group>"; };
		B10020 /* Assets.xcassets */ = {isa = PBXFileReference; lastKnownFileType = folder.assetcatalog; path = Assets.xcassets; sourceTree = "<group>"; };
		B10021 /* WorkSans-Regular.ttf */ = {isa = PBXFileReference; lastKnownFileType = file; path = "WorkSans-Regular.ttf"; sourceTree = "<group>"; };
		B10022 /* WorkSans-Medium.ttf */ = {isa = PBXFileReference; lastKnownFileType = file; path = "WorkSans-Medium.ttf"; sourceTree = "<group>"; };
		B10023 /* WorkSans-SemiBold.ttf */ = {isa = PBXFileReference; lastKnownFileType = file; path = "WorkSans-SemiBold.ttf"; sourceTree = "<group>"; };
		B10024 /* WorkSans-Bold.ttf */ = {isa = PBXFileReference; lastKnownFileType = file; path = "WorkSans-Bold.ttf"; sourceTree = "<group>"; };
		B10028 /* PrivacyInfo.xcprivacy */ = {isa = PBXFileReference; lastKnownFileType = "file.xcprivacy"; path = PrivacyInfo.xcprivacy; sourceTree = "<group>"; };
		B10025 /* Info.plist */ = {isa = PBXFileReference; lastKnownFileType = text.plist.xml; path = Info.plist; sourceTree = "<group>"; };
		B10026 /* View+Platform.swift */ = {isa = PBXFileReference; lastKnownFileType = sourcecode.swift; path = "View+Platform.swift"; sourceTree = "<group>"; };
		B10029 /* KeychainHelper.swift */ = {isa = PBXFileReference; lastKnownFileType = sourcecode.swift; path = KeychainHelper.swift; sourceTree = "<group>"; };
/* End PBXFileReference section */

/* Begin PBXFrameworksBuildPhase section */
		C10001 /* Frameworks */ = {
			isa = PBXFrameworksBuildPhase;
			buildActionMask = 2147483647;
			files = (
			);
			runOnlyForDeploymentPostprocessing = 0;
		};
/* End PBXFrameworksBuildPhase section */

/* Begin PBXGroup section */
		D10000 = {
			isa = PBXGroup;
			children = (
				D10001 /* BuySellHold */,
				D10099 /* Products */,
			);
			sourceTree = "<group>";
		};
		D10001 /* BuySellHold */ = {
			isa = PBXGroup;
			children = (
				B10001 /* BuySellHoldApp.swift */,
				B10025 /* Info.plist */,
				B10028 /* PrivacyInfo.xcprivacy */,
				B10020 /* Assets.xcassets */,
				D10002 /* Models */,
				D10003 /* Services */,
				D10004 /* ViewModels */,
				D10005 /* Views */,
				D10006 /* Utilities */,
				D10007 /* Fonts */,
			);
			path = BuySellHold;
			sourceTree = "<group>";
		};
		D10002 /* Models */ = {
			isa = PBXGroup;
			children = (
				B10003 /* WatchlistItem.swift */,
				B10004 /* UserPreferences.swift */,
			);
			path = Models;
			sourceTree = "<group>";
		};
		D10003 /* Services */ = {
			isa = PBXGroup;
			children = (
				B10005 /* FinnhubService.swift */,
			);
			path = Services;
			sourceTree = "<group>";
		};
		D10004 /* ViewModels */ = {
			isa = PBXGroup;
			children = (
				B10008 /* WatchlistViewModel.swift */,
			);
			path = ViewModels;
			sourceTree = "<group>";
		};
		D10005 /* Views */ = {
			isa = PBXGroup;
			children = (
				B10002 /* ContentView.swift */,
				B10010 /* StockCardView.swift */,
				B10011 /* NavbarView.swift */,
				B10012 /* AddStockSheet.swift */,
				B10013 /* EditStockSheet.swift */,
				B10014 /* SettingsSheet.swift */,
				B10016 /* ArrowLoaderView.swift */,
				B10017 /* EmptyStateView.swift */,
				B10027 /* OnboardingView.swift */,
			);
			path = Views;
			sourceTree = "<group>";
		};
		D10006 /* Utilities */ = {
			isa = PBXGroup;
			children = (
				B10018 /* Colors.swift */,
				B10026 /* View+Platform.swift */,
				B10029 /* KeychainHelper.swift */,
			);
			path = Utilities;
			sourceTree = "<group>";
		};
		D10007 /* Fonts */ = {
			isa = PBXGroup;
			children = (
				B10021 /* WorkSans-Regular.ttf */,
				B10022 /* WorkSans-Medium.ttf */,
				B10023 /* WorkSans-SemiBold.ttf */,
				B10024 /* WorkSans-Bold.ttf */,
			);
			path = Fonts;
			sourceTree = "<group>";
		};
		D10099 /* Products */ = {
			isa = PBXGroup;
			children = (
				B10000 /* BuySellHold.app */,
			);
			name = Products;
			sourceTree = "<group>";
		};
/* End PBXGroup section */

/* Begin PBXNativeTarget section */
		E10001 /* BuySellHold */ = {
			isa = PBXNativeTarget;
			buildConfigurationList = F10003 /* Build configuration list for PBXNativeTarget "BuySellHold" */;
			buildPhases = (
				E10002 /* Sources */,
				C10001 /* Frameworks */,
				E10003 /* Resources */,
			);
			buildRules = (
			);
			dependencies = (
			);
			name = BuySellHold;
			productName = BuySellHold;
			productReference = B10000 /* BuySellHold.app */;
			productType = "com.apple.product-type.application";
		};
/* End PBXNativeTarget section */

/* Begin PBXProject section */
		E10000 /* Project object */ = {
			isa = PBXProject;
			attributes = {
				BuildIndependentTargetsInParallel = 1;
				LastSwiftUpdateCheck = 1540;
				LastUpgradeCheck = 2620;
				TargetAttributes = {
					E10001 = {
						CreatedOnToolsVersion = 15.4;
					};
				};
			};
			buildConfigurationList = F10001 /* Build configuration list for PBXProject "BuySellHold" */;
			compatibilityVersion = "Xcode 14.0";
			developmentRegion = en;
			hasScannedForEncodings = 0;
			knownRegions = (
				en,
				Base,
			);
			mainGroup = D10000;
			productRefGroup = D10099 /* Products */;
			projectDirPath = "";
			projectRoot = "";
			targets = (
				E10001 /* BuySellHold */,
			);
		};
/* End PBXProject section */

/* Begin PBXResourcesBuildPhase section */
		E10003 /* Resources */ = {
			isa = PBXResourcesBuildPhase;
			buildActionMask = 2147483647;
			files = (
				A10028 /* PrivacyInfo.xcprivacy in Resources */,
				A10020 /* Assets.xcassets in Resources */,
				A10021 /* WorkSans-Regular.ttf in Resources */,
				A10022 /* WorkSans-Medium.ttf in Resources */,
				A10023 /* WorkSans-SemiBold.ttf in Resources */,
				A10024 /* WorkSans-Bold.ttf in Resources */,
			);
			runOnlyForDeploymentPostprocessing = 0;
		};
/* End PBXResourcesBuildPhase section */

/* Begin PBXSourcesBuildPhase section */
		E10002 /* Sources */ = {
			isa = PBXSourcesBuildPhase;
			buildActionMask = 2147483647;
			files = (
				A10001 /* BuySellHoldApp.swift in Sources */,
				A10002 /* ContentView.swift in Sources */,
				A10003 /* WatchlistItem.swift in Sources */,
				A10004 /* UserPreferences.swift in Sources */,
				A10005 /* FinnhubService.swift in Sources */,
				A10008 /* WatchlistViewModel.swift in Sources */,
				A10010 /* StockCardView.swift in Sources */,
				A10011 /* NavbarView.swift in Sources */,
				A10012 /* AddStockSheet.swift in Sources */,
				A10013 /* EditStockSheet.swift in Sources */,
				A10014 /* SettingsSheet.swift in Sources */,
				A10016 /* ArrowLoaderView.swift in Sources */,
				A10017 /* EmptyStateView.swift in Sources */,
				A10018 /* Colors.swift in Sources */,
				A10025 /* View+Platform.swift in Sources */,
				A10029 /* KeychainHelper.swift in Sources */,
				A10027 /* OnboardingView.swift in Sources */,
			);
			runOnlyForDeploymentPostprocessing = 0;
		};
/* End PBXSourcesBuildPhase section */

/* Begin XCBuildConfiguration section */
		F10010 /* Debug */ = {
			isa = XCBuildConfiguration;
			buildSettings = {
				ALWAYS_SEARCH_USER_PATHS = NO;
				ASSETCATALOG_COMPILER_GENERATE_SWIFT_ASSET_SYMBOL_EXTENSIONS = YES;
				CLANG_ANALYZER_NONNULL = YES;
				CLANG_ANALYZER_NUMBER_OBJECT_CONVERSION = YES_AGGRESSIVE;
				CLANG_CXX_LANGUAGE_STANDARD = "gnu++20";
				CLANG_ENABLE_MODULES = YES;
				CLANG_ENABLE_OBJC_ARC = YES;
				CLANG_ENABLE_OBJC_WEAK = YES;
				CLANG_WARN_BLOCK_CAPTURE_AUTORELEASING = YES;
				CLANG_WARN_BOOL_CONVERSION = YES;
				CLANG_WARN_COMMA = YES;
				CLANG_WARN_CONSTANT_CONVERSION = YES;
				CLANG_WARN_DEPRECATED_OBJC_IMPLEMENTATIONS = YES;
				CLANG_WARN_DIRECT_OBJC_ISA_USAGE = YES_ERROR;
				CLANG_WARN_DOCUMENTATION_COMMENTS = YES;
				CLANG_WARN_EMPTY_BODY = YES;
				CLANG_WARN_ENUM_CONVERSION = YES;
				CLANG_WARN_INFINITE_RECURSION = YES;
				CLANG_WARN_INT_CONVERSION = YES;
				CLANG_WARN_NON_LITERAL_NULL_CONVERSION = YES;
				CLANG_WARN_OBJC_IMPLICIT_RETAIN_SELF = YES;
				CLANG_WARN_OBJC_LITERAL_CONVERSION = YES;
				CLANG_WARN_OBJC_ROOT_CLASS = YES_ERROR;
				CLANG_WARN_QUOTED_INCLUDE_IN_FRAMEWORK_HEADER = YES;
				CLANG_WARN_RANGE_LOOP_ANALYSIS = YES;
				CLANG_WARN_STRICT_PROTOTYPES = YES;
				CLANG_WARN_SUSPICIOUS_MOVE = YES;
				CLANG_WARN_UNGUARDED_AVAILABILITY = YES_AGGRESSIVE;
				CLANG_WARN_UNREACHABLE_CODE = YES;
				CLANG_WARN__DUPLICATE_METHOD_MATCH = YES;
				COPY_PHASE_STRIP = NO;
				DEBUG_INFORMATION_FORMAT = dwarf;
				ENABLE_STRICT_OBJC_MSGSEND = YES;
				ENABLE_TESTABILITY = YES;
				ENABLE_USER_SCRIPT_SANDBOXING = YES;
				GCC_C_LANGUAGE_STANDARD = gnu17;
				GCC_DYNAMIC_NO_PIC = NO;
				GCC_NO_COMMON_BLOCKS = YES;
				GCC_OPTIMIZATION_LEVEL = 0;
				GCC_PREPROCESSOR_DEFINITIONS = (
					"DEBUG=1",
					"$(inherited)",
				);
				GCC_WARN_64_TO_32_BIT_CONVERSION = YES;
				GCC_WARN_ABOUT_RETURN_TYPE = YES_ERROR;
				GCC_WARN_UNDECLARED_SELECTOR = YES;
				GCC_WARN_UNINITIALIZED_AUTOS = YES_AGGRESSIVE;
				GCC_WARN_UNUSED_FUNCTION = YES;
				GCC_WARN_UNUSED_VARIABLE = YES;
				IPHONEOS_DEPLOYMENT_TARGET = 17.0;
				LOCALIZATION_PREFERS_STRING_CATALOGS = YES;
				MTL_ENABLE_DEBUG_INFO = INCLUDE_SOURCE;
				MTL_FAST_MATH = YES;
				ONLY_ACTIVE_ARCH = YES;
				SDKROOT = iphoneos;
				STRING_CATALOG_GENERATE_SYMBOLS = YES;
				SWIFT_ACTIVE_COMPILATION_CONDITIONS = "DEBUG $(inherited)";
				SWIFT_OPTIMIZATION_LEVEL = "-Onone";
			};
			name = Debug;
		};
		F10011 /* Release */ = {
			isa = XCBuildConfiguration;
			buildSettings = {
				ALWAYS_SEARCH_USER_PATHS = NO;
				ASSETCATALOG_COMPILER_GENERATE_SWIFT_ASSET_SYMBOL_EXTENSIONS = YES;
				CLANG_ANALYZER_NONNULL = YES;
				CLANG_ANALYZER_NUMBER_OBJECT_CONVERSION = YES_AGGRESSIVE;
				CLANG_CXX_LANGUAGE_STANDARD = "gnu++20";
				CLANG_ENABLE_MODULES = YES;
				CLANG_ENABLE_OBJC_ARC = YES;
				CLANG_ENABLE_OBJC_WEAK = YES;
				CLANG_WARN_BLOCK_CAPTURE_AUTORELEASING = YES;
				CLANG_WARN_BOOL_CONVERSION = YES;
				CLANG_WARN_COMMA = YES;
				CLANG_WARN_CONSTANT_CONVERSION = YES;
				CLANG_WARN_DEPRECATED_OBJC_IMPLEMENTATIONS = YES;
				CLANG_WARN_DIRECT_OBJC_ISA_USAGE = YES_ERROR;
				CLANG_WARN_DOCUMENTATION_COMMENTS = YES;
				CLANG_WARN_EMPTY_BODY = YES;
				CLANG_WARN_ENUM_CONVERSION = YES;
				CLANG_WARN_INFINITE_RECURSION = YES;
				CLANG_WARN_INT_CONVERSION = YES;
				CLANG_WARN_NON_LITERAL_NULL_CONVERSION = YES;
				CLANG_WARN_OBJC_IMPLICIT_RETAIN_SELF = YES;
				CLANG_WARN_OBJC_LITERAL_CONVERSION = YES;
				CLANG_WARN_OBJC_ROOT_CLASS = YES_ERROR;
				CLANG_WARN_QUOTED_INCLUDE_IN_FRAMEWORK_HEADER = YES;
				CLANG_WARN_RANGE_LOOP_ANALYSIS = YES;
				CLANG_WARN_STRICT_PROTOTYPES = YES;
				CLANG_WARN_SUSPICIOUS_MOVE = YES;
				CLANG_WARN_UNGUARDED_AVAILABILITY = YES_AGGRESSIVE;
				CLANG_WARN_UNREACHABLE_CODE = YES;
				CLANG_WARN__DUPLICATE_METHOD_MATCH = YES;
				COPY_PHASE_STRIP = NO;
				DEBUG_INFORMATION_FORMAT = "dwarf-with-dsym";
				ENABLE_NS_ASSERTIONS = NO;
				ENABLE_STRICT_OBJC_MSGSEND = YES;
				ENABLE_USER_SCRIPT_SANDBOXING = YES;
				GCC_C_LANGUAGE_STANDARD = gnu17;
				GCC_NO_COMMON_BLOCKS = YES;
				GCC_WARN_64_TO_32_BIT_CONVERSION = YES;
				GCC_WARN_ABOUT_RETURN_TYPE = YES_ERROR;
				GCC_WARN_UNDECLARED_SELECTOR = YES;
				GCC_WARN_UNINITIALIZED_AUTOS = YES_AGGRESSIVE;
				GCC_WARN_UNUSED_FUNCTION = YES;
				GCC_WARN_UNUSED_VARIABLE = YES;
				IPHONEOS_DEPLOYMENT_TARGET = 17.0;
				LOCALIZATION_PREFERS_STRING_CATALOGS = YES;
				MTL_ENABLE_DEBUG_INFO = NO;
				MTL_FAST_MATH = YES;
				SDKROOT = iphoneos;
				STRING_CATALOG_GENERATE_SYMBOLS = YES;
				SWIFT_COMPILATION_MODE = wholemodule;
				VALIDATE_PRODUCT = YES;
			};
			name = Release;
		};
		F10020 /* Debug */ = {
			isa = XCBuildConfiguration;
			buildSettings = {
				ASSETCATALOG_COMPILER_APPICON_NAME = AppIcon;
				ASSETCATALOG_COMPILER_GLOBAL_ACCENT_COLOR_NAME = AccentColor;
				ASSETCATALOG_COMPILER_INCLUDE_ALL_APPICON_ASSETS = YES;
				CODE_SIGN_STYLE = Automatic;
				CURRENT_PROJECT_VERSION = 1;
				DEVELOPMENT_TEAM = R6ZK86QXMA;
				ENABLE_APP_SANDBOX = YES;
				ENABLE_HARDENED_RUNTIME = YES;
				ENABLE_OUTGOING_NETWORK_CONNECTIONS = YES;
				ENABLE_PREVIEWS = YES;
				GENERATE_INFOPLIST_FILE = YES;
				INFOPLIST_FILE = BuySellHold/Info.plist;
				INFOPLIST_KEY_CFBundleDisplayName = "Buy↓Sell↑Hold";
				INFOPLIST_KEY_LSApplicationCategoryType = "public.app-category.finance";
				INFOPLIST_KEY_UIApplicationSceneManifest_Generation = YES;
				INFOPLIST_KEY_UIApplicationSupportsIndirectInputEvents = YES;
				INFOPLIST_KEY_UILaunchScreen_Generation = YES;
				INFOPLIST_KEY_UISupportedInterfaceOrientations_iPad = "UIInterfaceOrientationPortrait UIInterfaceOrientationPortraitUpsideDown";
				INFOPLIST_KEY_UISupportedInterfaceOrientations_iPhone = UIInterfaceOrientationPortrait;
				LD_RUNPATH_SEARCH_PATHS = (
					"$(inherited)",
					"@executable_path/Frameworks",
				);
				MACOSX_DEPLOYMENT_TARGET = 26.1;
				MARKETING_VERSION = 1.0;
				PRODUCT_BUNDLE_IDENTIFIER = com.buysellhold.app;
				PRODUCT_NAME = "$(TARGET_NAME)";
				REGISTER_APP_GROUPS = YES;
				SUPPORTED_PLATFORMS = "iphoneos iphonesimulator macosx";
				SUPPORTS_MACCATALYST = NO;
				SUPPORTS_MAC_DESIGNED_FOR_IPHONE_IPAD = NO;
				SUPPORTS_XR_DESIGNED_FOR_IPHONE_IPAD = NO;
				SWIFT_EMIT_LOC_STRINGS = YES;
				SWIFT_VERSION = 5.0;
				TARGETED_DEVICE_FAMILY = "1,2";
			};
			name = Debug;
		};
		F10021 /* Release */ = {
			isa = XCBuildConfiguration;
			buildSettings = {
				ASSETCATALOG_COMPILER_APPICON_NAME = AppIcon;
				ASSETCATALOG_COMPILER_GLOBAL_ACCENT_COLOR_NAME = AccentColor;
				ASSETCATALOG_COMPILER_INCLUDE_ALL_APPICON_ASSETS = YES;
				CODE_SIGN_STYLE = Automatic;
				CURRENT_PROJECT_VERSION = 1;
				DEVELOPMENT_TEAM = R6ZK86QXMA;
				ENABLE_APP_SANDBOX = YES;
				ENABLE_HARDENED_RUNTIME = YES;
				ENABLE_OUTGOING_NETWORK_CONNECTIONS = YES;
				ENABLE_PREVIEWS = YES;
				GENERATE_INFOPLIST_FILE = YES;
				INFOPLIST_FILE = BuySellHold/Info.plist;
				INFOPLIST_KEY_CFBundleDisplayName = "Buy↓Sell↑Hold";
				INFOPLIST_KEY_LSApplicationCategoryType = "public.app-category.finance";
				INFOPLIST_KEY_UIApplicationSceneManifest_Generation = YES;
				INFOPLIST_KEY_UIApplicationSupportsIndirectInputEvents = YES;
				INFOPLIST_KEY_UILaunchScreen_Generation = YES;
				INFOPLIST_KEY_UISupportedInterfaceOrientations_iPad = "UIInterfaceOrientationPortrait UIInterfaceOrientationPortraitUpsideDown";
				INFOPLIST_KEY_UISupportedInterfaceOrientations_iPhone = UIInterfaceOrientationPortrait;
				LD_RUNPATH_SEARCH_PATHS = (
					"$(inherited)",
					"@executable_path/Frameworks",
				);
				MACOSX_DEPLOYMENT_TARGET = 26.1;
				MARKETING_VERSION = 1.0;
				PRODUCT_BUNDLE_IDENTIFIER = com.buysellhold.app;
				PRODUCT_NAME = "$(TARGET_NAME)";
				REGISTER_APP_GROUPS = YES;
				SUPPORTED_PLATFORMS = "iphoneos iphonesimulator macosx";
				SUPPORTS_MACCATALYST = NO;
				SUPPORTS_MAC_DESIGNED_FOR_IPHONE_IPAD = NO;
				SUPPORTS_XR_DESIGNED_FOR_IPHONE_IPAD = NO;
				SWIFT_EMIT_LOC_STRINGS = YES;
				SWIFT_VERSION = 5.0;
				TARGETED_DEVICE_FAMILY = "1,2";
			};
			name = Release;
		};
/* End XCBuildConfiguration section */

/* Begin XCConfigurationList section */
		F10001 /* Build configuration list for PBXProject "BuySellHold" */ = {
			isa = XCConfigurationList;
			buildConfigurations = (
				F10010 /* Debug */,
				F10011 /* Release */,
			);
			defaultConfigurationIsVisible = 0;
			defaultConfigurationName = Release;
		};
		F10003 /* Build configuration list for PBXNativeTarget "BuySellHold" */ = {
			isa = XCConfigurationList;
			buildConfigurations = (
				F10020 /* Debug */,
				F10021 /* Release */,
			);
			defaultConfigurationIsVisible = 0;
			defaultConfigurationName = Release;
		};
/* End XCConfigurationList section */
	};
	rootObject = E10000 /* Project object */;
}
